// !$*UTF8*$!
{
	archiveVersion = 1;
	classes = {
	};
	objectVersion = 56;
	objects = {

/* Begin PBXBuildFile section */
		F1A742002AC3E0D9003F9607 /* SkyFloatingLabelTextField in Frameworks */ = {isa = PBXBuildFile; productRef = F1A741FF2AC3E0D9003F9607 /* SkyFloatingLabelTextField */; };
		F1A742032AC3E519003F9607 /* LevelsViewController.swift in Sources */ = {isa = PBXBuildFile; fileRef = F1A742022AC3E519003F9607 /* LevelsViewController.swift */; };
		F1A742062AC3EA78003F9607 /* PauseViewController.swift in Sources */ = {isa = PBXBuildFile; fileRef = F1A742052AC3EA78003F9607 /* PauseViewController.swift */; };
		F1A742092AC3F707003F9607 /* BonusGameViewController.swift in Sources */ = {isa = PBXBuildFile; fileRef = F1A742082AC3F707003F9607 /* BonusGameViewController.swift */; };
		F1C7EA302AC3CBD500E20AAC /* AppDelegate.swift in Sources */ = {isa = PBXBuildFile; fileRef = F1C7EA2F2AC3CBD500E20AAC /* AppDelegate.swift */; };
		F1C7EA322AC3CBD500E20AAC /* SceneDelegate.swift in Sources */ = {isa = PBXBuildFile; fileRef = F1C7EA312AC3CBD500E20AAC /* SceneDelegate.swift */; };
		F1C7EA342AC3CBD500E20AAC /* MainViewController.swift in Sources */ = {isa = PBXBuildFile; fileRef = F1C7EA332AC3CBD500E20AAC /* MainViewController.swift */; };
		F1C7EA392AC3CBD600E20AAC /* Assets.xcassets in Resources */ = {isa = PBXBuildFile; fileRef = F1C7EA382AC3CBD600E20AAC /* Assets.xcassets */; };
		F1C7EA3C2AC3CBD600E20AAC /* LaunchScreen.storyboard in Resources */ = {isa = PBXBuildFile; fileRef = F1C7EA3A2AC3CBD600E20AAC /* LaunchScreen.storyboard */; };
		F1C7EA4A2AC3CD3900E20AAC /* Colors.xcassets in Resources */ = {isa = PBXBuildFile; fileRef = F1C7EA492AC3CD3900E20AAC /* Colors.xcassets */; };
		F1C7EA4D2AC3CD5200E20AAC /* AppImage.swift in Sources */ = {isa = PBXBuildFile; fileRef = F1C7EA4C2AC3CD5200E20AAC /* AppImage.swift */; };
		F1C7EA4F2AC3CD5900E20AAC /* AppColor.swift in Sources */ = {isa = PBXBuildFile; fileRef = F1C7EA4E2AC3CD5900E20AAC /* AppColor.swift */; };
		F1C7EA5A2AC3D27400E20AAC /* SFProDisplay-Light.ttf in Resources */ = {isa = PBXBuildFile; fileRef = F1C7EA512AC3D27400E20AAC /* SFProDisplay-Light.ttf */; };
		F1C7EA5B2AC3D27400E20AAC /* SFProDisplay-Heavy.ttf in Resources */ = {isa = PBXBuildFile; fileRef = F1C7EA522AC3D27400E20AAC /* SFProDisplay-Heavy.ttf */; };
		F1C7EA5C2AC3D27400E20AAC /* SFProDisplay-Thin.ttf in Resources */ = {isa = PBXBuildFile; fileRef = F1C7EA532AC3D27400E20AAC /* SFProDisplay-Thin.ttf */; };
		F1C7EA5D2AC3D27400E20AAC /* SFProDisplay-Bold.ttf in Resources */ = {isa = PBXBuildFile; fileRef = F1C7EA542AC3D27400E20AAC /* SFProDisplay-Bold.ttf */; };
		F1C7EA5E2AC3D27400E20AAC /* SFProDisplay-Semibold.ttf in Resources */ = {isa = PBXBuildFile; fileRef = F1C7EA552AC3D27400E20AAC /* SFProDisplay-Semibold.ttf */; };
		F1C7EA5F2AC3D27400E20AAC /* SFProDisplay-Regular.ttf in Resources */ = {isa = PBXBuildFile; fileRef = F1C7EA562AC3D27400E20AAC /* SFProDisplay-Regular.ttf */; };
		F1C7EA602AC3D27400E20AAC /* SFProDisplay-Ultralight.ttf in Resources */ = {isa = PBXBuildFile; fileRef = F1C7EA572AC3D27400E20AAC /* SFProDisplay-Ultralight.ttf */; };
		F1C7EA612AC3D27400E20AAC /* SFProDisplay-Black.ttf in Resources */ = {isa = PBXBuildFile; fileRef = F1C7EA582AC3D27400E20AAC /* SFProDisplay-Black.ttf */; };
		F1C7EA622AC3D27400E20AAC /* SFProDisplay-Medium.ttf in Resources */ = {isa = PBXBuildFile; fileRef = F1C7EA592AC3D27400E20AAC /* SFProDisplay-Medium.ttf */; };
		F1C7EA662AC3D3B900E20AAC /* SnapKit in Frameworks */ = {isa = PBXBuildFile; productRef = F1C7EA652AC3D3B900E20AAC /* SnapKit */; };
		F1C7EA692AC3D8C700E20AAC /* InfoViewController.swift in Sources */ = {isa = PBXBuildFile; fileRef = F1C7EA682AC3D8C700E20AAC /* InfoViewController.swift */; };
		F1C7EA6C2AC3DB6100E20AAC /* SettingsViewController.swift in Sources */ = {isa = PBXBuildFile; fileRef = F1C7EA6B2AC3DB6100E20AAC /* SettingsViewController.swift */; };
/* End PBXBuildFile section */

/* Begin PBXFileReference section */
		F1A742022AC3E519003F9607 /* LevelsViewController.swift */ = {isa = PBXFileReference; lastKnownFileType = sourcecode.swift; path = LevelsViewController.swift; sourceTree = "<group>"; };
		F1A742052AC3EA78003F9607 /* PauseViewController.swift */ = {isa = PBXFileReference; lastKnownFileType = sourcecode.swift; path = PauseViewController.swift; sourceTree = "<group>"; };
		F1A742082AC3F707003F9607 /* BonusGameViewController.swift */ = {isa = PBXFileReference; lastKnownFileType = sourcecode.swift; path = BonusGameViewController.swift; sourceTree = "<group>"; };
		F1C7EA2C2AC3CBD500E20AAC /* Nomad.app */ = {isa = PBXFileReference; explicitFileType = wrapper.application; includeInIndex = 0; path = Nomad.app; sourceTree = BUILT_PRODUCTS_DIR; };
		F1C7EA2F2AC3CBD500E20AAC /* AppDelegate.swift */ = {isa = PBXFileReference; lastKnownFileType = sourcecode.swift; path = AppDelegate.swift; sourceTree = "<group>"; };
		F1C7EA312AC3CBD500E20AAC /* SceneDelegate.swift */ = {isa = PBXFileReference; lastKnownFileType = sourcecode.swift; path = SceneDelegate.swift; sourceTree = "<group>"; };
		F1C7EA332AC3CBD500E20AAC /* MainViewController.swift */ = {isa = PBXFileReference; lastKnownFileType = sourcecode.swift; path = MainViewController.swift; sourceTree = "<group>"; };
		F1C7EA382AC3CBD600E20AAC /* Assets.xcassets */ = {isa = PBXFileReference; lastKnownFileType = folder.assetcatalog; path = Assets.xcassets; sourceTree = "<group>"; };
		F1C7EA3B2AC3CBD600E20AAC /* Base */ = {isa = PBXFileReference; lastKnownFileType = file.storyboard; name = Base; path = Base.lproj/LaunchScreen.storyboard; sourceTree = "<group>"; };
		F1C7EA3D2AC3CBD600E20AAC /* Info.plist */ = {isa = PBXFileReference; lastKnownFileType = text.plist.xml; path = Info.plist; sourceTree = "<group>"; };
		F1C7EA492AC3CD3900E20AAC /* Colors.xcassets */ = {isa = PBXFileReference; lastKnownFileType = folder.assetcatalog; path = Colors.xcassets; sourceTree = "<group>"; };
		F1C7EA4C2AC3CD5200E20AAC /* AppImage.swift */ = {isa = PBXFileReference; lastKnownFileType = sourcecode.swift; path = AppImage.swift; sourceTree = "<group>"; };
		F1C7EA4E2AC3CD5900E20AAC /* AppColor.swift */ = {isa = PBXFileReference; lastKnownFileType = sourcecode.swift; path = AppColor.swift; sourceTree = "<group>"; };
		F1C7EA512AC3D27400E20AAC /* SFProDisplay-Light.ttf */ = {isa = PBXFileReference; lastKnownFileType = file; path = "SFProDisplay-Light.ttf"; sourceTree = "<group>"; };
		F1C7EA522AC3D27400E20AAC /* SFProDisplay-Heavy.ttf */ = {isa = PBXFileReference; lastKnownFileType = file; path = "SFProDisplay-Heavy.ttf"; sourceTree = "<group>"; };
		F1C7EA532AC3D27400E20AAC /* SFProDisplay-Thin.ttf */ = {isa = PBXFileReference; lastKnownFileType = file; path = "SFProDisplay-Thin.ttf"; sourceTree = "<group>"; };
		F1C7EA542AC3D27400E20AAC /* SFProDisplay-Bold.ttf */ = {isa = PBXFileReference; lastKnownFileType = file; path = "SFProDisplay-Bold.ttf"; sourceTree = "<group>"; };
		F1C7EA552AC3D27400E20AAC /* SFProDisplay-Semibold.ttf */ = {isa = PBXFileReference; lastKnownFileType = file; path = "SFProDisplay-Semibold.ttf"; sourceTree = "<group>"; };
		F1C7EA562AC3D27400E20AAC /* SFProDisplay-Regular.ttf */ = {isa = PBXFileReference; lastKnownFileType = file; path = "SFProDisplay-Regular.ttf"; sourceTree = "<group>"; };
		F1C7EA572AC3D27400E20AAC /* SFProDisplay-Ultralight.ttf */ = {isa = PBXFileReference; lastKnownFileType = file; path = "SFProDisplay-Ultralight.ttf"; sourceTree = "<group>"; };
		F1C7EA582AC3D27400E20AAC /* SFProDisplay-Black.ttf */ = {isa = PBXFileReference; lastKnownFileType = file; path = "SFProDisplay-Black.ttf"; sourceTree = "<group>"; };
		F1C7EA592AC3D27400E20AAC /* SFProDisplay-Medium.ttf */ = {isa = PBXFileReference; lastKnownFileType = file; path = "SFProDisplay-Medium.ttf"; sourceTree = "<group>"; };
		F1C7EA682AC3D8C700E20AAC /* InfoViewController.swift */ = {isa = PBXFileReference; lastKnownFileType = sourcecode.swift; path = InfoViewController.swift; sourceTree = "<group>"; };
		F1C7EA6B2AC3DB6100E20AAC /* SettingsViewController.swift */ = {isa = PBXFileReference; lastKnownFileType = sourcecode.swift; path = SettingsViewController.swift; sourceTree = "<group>"; };
/* End PBXFileReference section */

/* Begin PBXFrameworksBuildPhase section */
		F1C7EA292AC3CBD500E20AAC /* Frameworks */ = {
			isa = PBXFrameworksBuildPhase;
			buildActionMask = 2147483647;
			files = (
				F1C7EA662AC3D3B900E20AAC /* SnapKit in Frameworks */,
				F1A742002AC3E0D9003F9607 /* SkyFloatingLabelTextField in Frameworks */,
			);
			runOnlyForDeploymentPostprocessing = 0;
		};
/* End PBXFrameworksBuildPhase section */

/* Begin PBXGroup section */
		F1A742012AC3E4BA003F9607 /* LevelsModule */ = {
			isa = PBXGroup;
			children = (
				F1A742022AC3E519003F9607 /* LevelsViewController.swift */,
			);
			path = LevelsModule;
			sourceTree = "<group>";
		};
		F1A742042AC3EA56003F9607 /* PauseModule */ = {
			isa = PBXGroup;
			children = (
				F1A742052AC3EA78003F9607 /* PauseViewController.swift */,
			);
			path = PauseModule;
			sourceTree = "<group>";
		};
		F1A742072AC3F6F4003F9607 /* BonusGameModule */ = {
			isa = PBXGroup;
			children = (
				F1A742082AC3F707003F9607 /* BonusGameViewController.swift */,
			);
			path = BonusGameModule;
			sourceTree = "<group>";
		};
		F1C7EA232AC3CBD500E20AAC = {
			isa = PBXGroup;
			children = (
				F1C7EA2E2AC3CBD500E20AAC /* Nomad */,
				F1C7EA2D2AC3CBD500E20AAC /* Products */,
			);
			sourceTree = "<group>";
		};
		F1C7EA2D2AC3CBD500E20AAC /* Products */ = {
			isa = PBXGroup;
			children = (
				F1C7EA2C2AC3CBD500E20AAC /* Nomad.app */,
			);
			name = Products;
			sourceTree = "<group>";
		};
		F1C7EA2E2AC3CBD500E20AAC /* Nomad */ = {
			isa = PBXGroup;
			children = (
				F1C7EA432AC3CC1C00E20AAC /* Application */,
				F1C7EA452AC3CC4600E20AAC /* Controllers */,
				F1C7EA442AC3CC3D00E20AAC /* Resources */,
				F1C7EA462AC3CC5100E20AAC /* Storyboards */,
				F1C7EA472AC3CC6D00E20AAC /* Supporting Files */,
			);
			path = Nomad;
			sourceTree = "<group>";
		};
		F1C7EA432AC3CC1C00E20AAC /* Application */ = {
			isa = PBXGroup;
			children = (
				F1C7EA2F2AC3CBD500E20AAC /* AppDelegate.swift */,
				F1C7EA312AC3CBD500E20AAC /* SceneDelegate.swift */,
			);
			path = Application;
			sourceTree = "<group>";
		};
		F1C7EA442AC3CC3D00E20AAC /* Resources */ = {
			isa = PBXGroup;
			children = (
				F1C7EA502AC3CDC100E20AAC /* Fonts */,
				F1C7EA482AC3CD2D00E20AAC /* AssetHelp */,
				F1C7EA4B2AC3CD3D00E20AAC /* AppHelp */,
			);
			path = Resources;
			sourceTree = "<group>";
		};
		F1C7EA452AC3CC4600E20AAC /* Controllers */ = {
			isa = PBXGroup;
			children = (
				F1C7EA632AC3D35500E20AAC /* MainModule */,
				F1C7EA672AC3D89900E20AAC /* InfoModule */,
				F1C7EA6A2AC3DB4D00E20AAC /* SettingsModule */,
				F1A742012AC3E4BA003F9607 /* LevelsModule */,
				F1A742042AC3EA56003F9607 /* PauseModule */,
				F1A742072AC3F6F4003F9607 /* BonusGameModule */,
			);
			path = Controllers;
			sourceTree = "<group>";
		};
		F1C7EA462AC3CC5100E20AAC /* Storyboards */ = {
			isa = PBXGroup;
			children = (
				F1C7EA3A2AC3CBD600E20AAC /* LaunchScreen.storyboard */,
			);
			path = Storyboards;
			sourceTree = "<group>";
		};
		F1C7EA472AC3CC6D00E20AAC /* Supporting Files */ = {
			isa = PBXGroup;
			children = (
				F1C7EA3D2AC3CBD600E20AAC /* Info.plist */,
			);
			path = "Supporting Files";
			sourceTree = "<group>";
		};
		F1C7EA482AC3CD2D00E20AAC /* AssetHelp */ = {
			isa = PBXGroup;
			children = (
				F1C7EA382AC3CBD600E20AAC /* Assets.xcassets */,
				F1C7EA492AC3CD3900E20AAC /* Colors.xcassets */,
			);
			path = AssetHelp;
			sourceTree = "<group>";
		};
		F1C7EA4B2AC3CD3D00E20AAC /* AppHelp */ = {
			isa = PBXGroup;
			children = (
				F1C7EA4C2AC3CD5200E20AAC /* AppImage.swift */,
				F1C7EA4E2AC3CD5900E20AAC /* AppColor.swift */,
			);
			path = AppHelp;
			sourceTree = "<group>";
		};
		F1C7EA502AC3CDC100E20AAC /* Fonts */ = {
			isa = PBXGroup;
			children = (
				F1C7EA582AC3D27400E20AAC /* SFProDisplay-Black.ttf */,
				F1C7EA542AC3D27400E20AAC /* SFProDisplay-Bold.ttf */,
				F1C7EA522AC3D27400E20AAC /* SFProDisplay-Heavy.ttf */,
				F1C7EA512AC3D27400E20AAC /* SFProDisplay-Light.ttf */,
				F1C7EA592AC3D27400E20AAC /* SFProDisplay-Medium.ttf */,
				F1C7EA562AC3D27400E20AAC /* SFProDisplay-Regular.ttf */,
				F1C7EA552AC3D27400E20AAC /* SFProDisplay-Semibold.ttf */,
				F1C7EA532AC3D27400E20AAC /* SFProDisplay-Thin.ttf */,
				F1C7EA572AC3D27400E20AAC /* SFProDisplay-Ultralight.ttf */,
			);
			path = Fonts;
			sourceTree = "<group>";
		};
		F1C7EA632AC3D35500E20AAC /* MainModule */ = {
			isa = PBXGroup;
			children = (
				F1C7EA332AC3CBD500E20AAC /* MainViewController.swift */,
			);
			path = MainModule;
			sourceTree = "<group>";
		};
		F1C7EA672AC3D89900E20AAC /* InfoModule */ = {
			isa = PBXGroup;
			children = (
				F1C7EA682AC3D8C700E20AAC /* InfoViewController.swift */,
			);
			path = InfoModule;
			sourceTree = "<group>";
		};
		F1C7EA6A2AC3DB4D00E20AAC /* SettingsModule */ = {
			isa = PBXGroup;
			children = (
				F1C7EA6B2AC3DB6100E20AAC /* SettingsViewController.swift */,
			);
			path = SettingsModule;
			sourceTree = "<group>";
		};
/* End PBXGroup section */

/* Begin PBXNativeTarget section */
		F1C7EA2B2AC3CBD500E20AAC /* Nomad */ = {
			isa = PBXNativeTarget;
			buildConfigurationList = F1C7EA402AC3CBD600E20AAC /* Build configuration list for PBXNativeTarget "Nomad" */;
			buildPhases = (
				F1C7EA282AC3CBD500E20AAC /* Sources */,
				F1C7EA292AC3CBD500E20AAC /* Frameworks */,
				F1C7EA2A2AC3CBD500E20AAC /* Resources */,
			);
			buildRules = (
			);
			dependencies = (
			);
			name = Nomad;
			packageProductDependencies = (
				F1C7EA652AC3D3B900E20AAC /* SnapKit */,
				F1A741FF2AC3E0D9003F9607 /* SkyFloatingLabelTextField */,
			);
			productName = Nomad;
			productReference = F1C7EA2C2AC3CBD500E20AAC /* Nomad.app */;
			productType = "com.apple.product-type.application";
		};
/* End PBXNativeTarget section */

/* Begin PBXProject section */
		F1C7EA242AC3CBD500E20AAC /* Project object */ = {
			isa = PBXProject;
			attributes = {
				BuildIndependentTargetsInParallel = 1;
				LastSwiftUpdateCheck = 1430;
				LastUpgradeCheck = 1430;
				TargetAttributes = {
					F1C7EA2B2AC3CBD500E20AAC = {
						CreatedOnToolsVersion = 14.3.1;
					};
				};
			};
			buildConfigurationList = F1C7EA272AC3CBD500E20AAC /* Build configuration list for PBXProject "Nomad" */;
			compatibilityVersion = "Xcode 14.0";
			developmentRegion = en;
			hasScannedForEncodings = 0;
			knownRegions = (
				en,
				Base,
			);
			mainGroup = F1C7EA232AC3CBD500E20AAC;
			packageReferences = (
				F1C7EA642AC3D3B900E20AAC /* XCRemoteSwiftPackageReference "SnapKit" */,
				F1A741FE2AC3E0D9003F9607 /* XCRemoteSwiftPackageReference "SkyFloatingLabelTextField" */,
			);
			productRefGroup = F1C7EA2D2AC3CBD500E20AAC /* Products */;
			projectDirPath = "";
			projectRoot = "";
			targets = (
				F1C7EA2B2AC3CBD500E20AAC /* Nomad */,
			);
		};
/* End PBXProject section */

/* Begin PBXResourcesBuildPhase section */
		F1C7EA2A2AC3CBD500E20AAC /* Resources */ = {
			isa = PBXResourcesBuildPhase;
			buildActionMask = 2147483647;
			files = (
				F1C7EA5F2AC3D27400E20AAC /* SFProDisplay-Regular.ttf in Resources */,
				F1C7EA5B2AC3D27400E20AAC /* SFProDisplay-Heavy.ttf in Resources */,
				F1C7EA612AC3D27400E20AAC /* SFProDisplay-Black.ttf in Resources */,
				F1C7EA602AC3D27400E20AAC /* SFProDisplay-Ultralight.ttf in Resources */,
				F1C7EA5E2AC3D27400E20AAC /* SFProDisplay-Semibold.ttf in Resources */,
				F1C7EA622AC3D27400E20AAC /* SFProDisplay-Medium.ttf in Resources */,
				F1C7EA4A2AC3CD3900E20AAC /* Colors.xcassets in Resources */,
				F1C7EA3C2AC3CBD600E20AAC /* LaunchScreen.storyboard in Resources */,
				F1C7EA392AC3CBD600E20AAC /* Assets.xcassets in Resources */,
				F1C7EA5D2AC3D27400E20AAC /* SFProDisplay-Bold.ttf in Resources */,
				F1C7EA5A2AC3D27400E20AAC /* SFProDisplay-Light.ttf in Resources */,
				F1C7EA5C2AC3D27400E20AAC /* SFProDisplay-Thin.ttf in Resources */,
			);
			runOnlyForDeploymentPostprocessing = 0;
		};
/* End PBXResourcesBuildPhase section */

/* Begin PBXSourcesBuildPhase section */
		F1C7EA282AC3CBD500E20AAC /* Sources */ = {
			isa = PBXSourcesBuildPhase;
			buildActionMask = 2147483647;
			files = (
				F1A742092AC3F707003F9607 /* BonusGameViewController.swift in Sources */,
				F1C7EA342AC3CBD500E20AAC /* MainViewController.swift in Sources */,
				F1C7EA4F2AC3CD5900E20AAC /* AppColor.swift in Sources */,
				F1C7EA6C2AC3DB6100E20AAC /* SettingsViewController.swift in Sources */,
				F1C7EA4D2AC3CD5200E20AAC /* AppImage.swift in Sources */,
				F1C7EA302AC3CBD500E20AAC /* AppDelegate.swift in Sources */,
				F1C7EA692AC3D8C700E20AAC /* InfoViewController.swift in Sources */,
				F1C7EA322AC3CBD500E20AAC /* SceneDelegate.swift in Sources */,
				F1A742032AC3E519003F9607 /* LevelsViewController.swift in Sources */,
				F1A742062AC3EA78003F9607 /* PauseViewController.swift in Sources */,
			);
			runOnlyForDeploymentPostprocessing = 0;
		};
/* End PBXSourcesBuildPhase section */

/* Begin PBXVariantGroup section */
		F1C7EA3A2AC3CBD600E20AAC /* LaunchScreen.storyboard */ = {
			isa = PBXVariantGroup;
			children = (
				F1C7EA3B2AC3CBD600E20AAC /* Base */,
			);
			name = LaunchScreen.storyboard;
			sourceTree = "<group>";
		};
/* End PBXVariantGroup section */

/* Begin XCBuildConfiguration section */
		F1C7EA3E2AC3CBD600E20AAC /* Debug */ = {
			isa = XCBuildConfiguration;
			buildSettings = {
				ALWAYS_SEARCH_USER_PATHS = NO;
				CLANG_ANALYZER_NONNULL = YES;
				CLANG_ANALYZER_NUMBER_OBJECT_CONVERSION = YES_AGGRESSIVE;
				CLANG_CXX_LANGUAGE_STANDARD = "gnu++20";
				CLANG_ENABLE_MODULES = YES;
				CLANG_ENABLE_OBJC_ARC = YES;
				CLANG_ENABLE_OBJC_WEAK = YES;
				CLANG_WARN_BLOCK_CAPTURE_AUTORELEASING = YES;
				CLANG_WARN_BOOL_CONVERSION = YES;
				CLANG_WARN_COMMA = YES;
				CLANG_WARN_CONSTANT_CONVERSION = YES;
				CLANG_WARN_DEPRECATED_OBJC_IMPLEMENTATIONS = YES;
				CLANG_WARN_DIRECT_OBJC_ISA_USAGE = YES_ERROR;
				CLANG_WARN_DOCUMENTATION_COMMENTS = YES;
				CLANG_WARN_EMPTY_BODY = YES;
				CLANG_WARN_ENUM_CONVERSION = YES;
				CLANG_WARN_INFINITE_RECURSION = YES;
				CLANG_WARN_INT_CONVERSION = YES;
				CLANG_WARN_NON_LITERAL_NULL_CONVERSION = YES;
				CLANG_WARN_OBJC_IMPLICIT_RETAIN_SELF = YES;
				CLANG_WARN_OBJC_LITERAL_CONVERSION = YES;
				CLANG_WARN_OBJC_ROOT_CLASS = YES_ERROR;
				CLANG_WARN_QUOTED_INCLUDE_IN_FRAMEWORK_HEADER = YES;
				CLANG_WARN_RANGE_LOOP_ANALYSIS = YES;
				CLANG_WARN_STRICT_PROTOTYPES = YES;
				CLANG_WARN_SUSPICIOUS_MOVE = YES;
				CLANG_WARN_UNGUARDED_AVAILABILITY = YES_AGGRESSIVE;
				CLANG_WARN_UNREACHABLE_CODE = YES;
				CLANG_WARN__DUPLICATE_METHOD_MATCH = YES;
				COPY_PHASE_STRIP = NO;
				DEBUG_INFORMATION_FORMAT = dwarf;
				ENABLE_STRICT_OBJC_MSGSEND = YES;
				ENABLE_TESTABILITY = YES;
				GCC_C_LANGUAGE_STANDARD = gnu11;
				GCC_DYNAMIC_NO_PIC = NO;
				GCC_NO_COMMON_BLOCKS = YES;
				GCC_OPTIMIZATION_LEVEL = 0;
				GCC_PREPROCESSOR_DEFINITIONS = (
					"DEBUG=1",
					"$(inherited)",
				);
				GCC_WARN_64_TO_32_BIT_CONVERSION = YES;
				GCC_WARN_ABOUT_RETURN_TYPE = YES_ERROR;
				GCC_WARN_UNDECLARED_SELECTOR = YES;
				GCC_WARN_UNINITIALIZED_AUTOS = YES_AGGRESSIVE;
				GCC_WARN_UNUSED_FUNCTION = YES;
				GCC_WARN_UNUSED_VARIABLE = YES;
				IPHONEOS_DEPLOYMENT_TARGET = 16.4;
				MTL_ENABLE_DEBUG_INFO = INCLUDE_SOURCE;
				MTL_FAST_MATH = YES;
				ONLY_ACTIVE_ARCH = YES;
				SDKROOT = iphoneos;
				SWIFT_ACTIVE_COMPILATION_CONDITIONS = DEBUG;
				SWIFT_OPTIMIZATION_LEVEL = "-Onone";
			};
			name = Debug;
		};
		F1C7EA3F2AC3CBD600E20AAC /* Release */ = {
			isa = XCBuildConfiguration;
			buildSettings = {
				ALWAYS_SEARCH_USER_PATHS = NO;
				CLANG_ANALYZER_NONNULL = YES;
				CLANG_ANALYZER_NUMBER_OBJECT_CONVERSION = YES_AGGRESSIVE;
				CLANG_CXX_LANGUAGE_STANDARD = "gnu++20";
				CLANG_ENABLE_MODULES = YES;
				CLANG_ENABLE_OBJC_ARC = YES;
				CLANG_ENABLE_OBJC_WEAK = YES;
				CLANG_WARN_BLOCK_CAPTURE_AUTORELEASING = YES;
				CLANG_WARN_BOOL_CONVERSION = YES;
				CLANG_WARN_COMMA = YES;
				CLANG_WARN_CONSTANT_CONVERSION = YES;
				CLANG_WARN_DEPRECATED_OBJC_IMPLEMENTATIONS = YES;
				CLANG_WARN_DIRECT_OBJC_ISA_USAGE = YES_ERROR;
				CLANG_WARN_DOCUMENTATION_COMMENTS = YES;
				CLANG_WARN_EMPTY_BODY = YES;
				CLANG_WARN_ENUM_CONVERSION = YES;
				CLANG_WARN_INFINITE_RECURSION = YES;
				CLANG_WARN_INT_CONVERSION = YES;
				CLANG_WARN_NON_LITERAL_NULL_CONVERSION = YES;
				CLANG_WARN_OBJC_IMPLICIT_RETAIN_SELF = YES;
				CLANG_WARN_OBJC_LITERAL_CONVERSION = YES;
				CLANG_WARN_OBJC_ROOT_CLASS = YES_ERROR;
				CLANG_WARN_QUOTED_INCLUDE_IN_FRAMEWORK_HEADER = YES;
				CLANG_WARN_RANGE_LOOP_ANALYSIS = YES;
				CLANG_WARN_STRICT_PROTOTYPES = YES;
				CLANG_WARN_SUSPICIOUS_MOVE = YES;
				CLANG_WARN_UNGUARDED_AVAILABILITY = YES_AGGRESSIVE;
				CLANG_WARN_UNREACHABLE_CODE = YES;
				CLANG_WARN__DUPLICATE_METHOD_MATCH = YES;
				COPY_PHASE_STRIP = NO;
				DEBUG_INFORMATION_FORMAT = "dwarf-with-dsym";
				ENABLE_NS_ASSERTIONS = NO;
				ENABLE_STRICT_OBJC_MSGSEND = YES;
				GCC_C_LANGUAGE_STANDARD = gnu11;
				GCC_NO_COMMON_BLOCKS = YES;
				GCC_WARN_64_TO_32_BIT_CONVERSION = YES;
				GCC_WARN_ABOUT_RETURN_TYPE = YES_ERROR;
				GCC_WARN_UNDECLARED_SELECTOR = YES;
				GCC_WARN_UNINITIALIZED_AUTOS = YES_AGGRESSIVE;
				GCC_WARN_UNUSED_FUNCTION = YES;
				GCC_WARN_UNUSED_VARIABLE = YES;
				IPHONEOS_DEPLOYMENT_TARGET = 16.4;
				MTL_ENABLE_DEBUG_INFO = NO;
				MTL_FAST_MATH = YES;
				SDKROOT = iphoneos;
				SWIFT_COMPILATION_MODE = wholemodule;
				SWIFT_OPTIMIZATION_LEVEL = "-O";
				VALIDATE_PRODUCT = YES;
			};
			name = Release;
		};
		F1C7EA412AC3CBD600E20AAC /* Debug */ = {
			isa = XCBuildConfiguration;
			buildSettings = {
				ASSETCATALOG_COMPILER_APPICON_NAME = AppIcon;
				ASSETCATALOG_COMPILER_GLOBAL_ACCENT_COLOR_NAME = AccentColor;
				CODE_SIGN_STYLE = Automatic;
				CURRENT_PROJECT_VERSION = 1;
				DEVELOPMENT_TEAM = 66V736J4F3;
				GENERATE_INFOPLIST_FILE = YES;
				INFOPLIST_FILE = "Nomad/Supporting Files/Info.plist";
				INFOPLIST_KEY_UIApplicationSupportsIndirectInputEvents = YES;
				INFOPLIST_KEY_UILaunchStoryboardName = LaunchScreen;
				INFOPLIST_KEY_UISupportedInterfaceOrientations_iPad = "UIInterfaceOrientationPortrait UIInterfaceOrientationPortraitUpsideDown UIInterfaceOrientationLandscapeLeft UIInterfaceOrientationLandscapeRight";
				INFOPLIST_KEY_UISupportedInterfaceOrientations_iPhone = "UIInterfaceOrientationPortrait UIInterfaceOrientationLandscapeLeft UIInterfaceOrientationLandscapeRight";
				LD_RUNPATH_SEARCH_PATHS = (
					"$(inherited)",
					"@executable_path/Frameworks",
				);
				MARKETING_VERSION = 1.0;
				PRODUCT_BUNDLE_IDENTIFIER = com.example.Nomad;
				PRODUCT_NAME = "$(TARGET_NAME)";
				SWIFT_EMIT_LOC_STRINGS = YES;
				SWIFT_VERSION = 5.0;
				TARGETED_DEVICE_FAMILY = "1,2";
			};
			name = Debug;
		};
		F1C7EA422AC3CBD600E20AAC /* Release */ = {
			isa = XCBuildConfiguration;
			buildSettings = {
				ASSETCATALOG_COMPILER_APPICON_NAME = AppIcon;
				ASSETCATALOG_COMPILER_GLOBAL_ACCENT_COLOR_NAME = AccentColor;
				CODE_SIGN_STYLE = Automatic;
				CURRENT_PROJECT_VERSION = 1;
				DEVELOPMENT_TEAM = 66V736J4F3;
				GENERATE_INFOPLIST_FILE = YES;
				INFOPLIST_FILE = "Nomad/Supporting Files/Info.plist";
				INFOPLIST_KEY_UIApplicationSupportsIndirectInputEvents = YES;
				INFOPLIST_KEY_UILaunchStoryboardName = LaunchScreen;
				INFOPLIST_KEY_UISupportedInterfaceOrientations_iPad = "UIInterfaceOrientationPortrait UIInterfaceOrientationPortraitUpsideDown UIInterfaceOrientationLandscapeLeft UIInterfaceOrientationLandscapeRight";
				INFOPLIST_KEY_UISupportedInterfaceOrientations_iPhone = "UIInterfaceOrientationPortrait UIInterfaceOrientationLandscapeLeft UIInterfaceOrientationLandscapeRight";
				LD_RUNPATH_SEARCH_PATHS = (
					"$(inherited)",
					"@executable_path/Frameworks",
				);
				MARKETING_VERSION = 1.0;
				PRODUCT_BUNDLE_IDENTIFIER = com.example.Nomad;
				PRODUCT_NAME = "$(TARGET_NAME)";
				SWIFT_EMIT_LOC_STRINGS = YES;
				SWIFT_VERSION = 5.0;
				TARGETED_DEVICE_FAMILY = "1,2";
			};
			name = Release;
		};
/* End XCBuildConfiguration section */

/* Begin XCConfigurationList section */
		F1C7EA272AC3CBD500E20AAC /* Build configuration list for PBXProject "Nomad" */ = {
			isa = XCConfigurationList;
			buildConfigurations = (
				F1C7EA3E2AC3CBD600E20AAC /* Debug */,
				F1C7EA3F2AC3CBD600E20AAC /* Release */,
			);
			defaultConfigurationIsVisible = 0;
			defaultConfigurationName = Release;
		};
		F1C7EA402AC3CBD600E20AAC /* Build configuration list for PBXNativeTarget "Nomad" */ = {
			isa = XCConfigurationList;
			buildConfigurations = (
				F1C7EA412AC3CBD600E20AAC /* Debug */,
				F1C7EA422AC3CBD600E20AAC /* Release */,
			);
			defaultConfigurationIsVisible = 0;
			defaultConfigurationName = Release;
		};
/* End XCConfigurationList section */

/* Begin XCRemoteSwiftPackageReference section */
		F1A741FE2AC3E0D9003F9607 /* XCRemoteSwiftPackageReference "SkyFloatingLabelTextField" */ = {
			isa = XCRemoteSwiftPackageReference;
			repositoryURL = "https://github.com/Skyscanner/SkyFloatingLabelTextField.git";
			requirement = {
				kind = upToNextMajorVersion;
				minimumVersion = 4.0.0;
			};
		};
		F1C7EA642AC3D3B900E20AAC /* XCRemoteSwiftPackageReference "SnapKit" */ = {
			isa = XCRemoteSwiftPackageReference;
			repositoryURL = "https://github.com/SnapKit/SnapKit.git";
			requirement = {
				kind = upToNextMajorVersion;
				minimumVersion = 5.0.0;
			};
		};
/* End XCRemoteSwiftPackageReference section */

/* Begin XCSwiftPackageProductDependency section */
		F1A741FF2AC3E0D9003F9607 /* SkyFloatingLabelTextField */ = {
			isa = XCSwiftPackageProductDependency;
			package = F1A741FE2AC3E0D9003F9607 /* XCRemoteSwiftPackageReference "SkyFloatingLabelTextField" */;
			productName = SkyFloatingLabelTextField;
		};
		F1C7EA652AC3D3B900E20AAC /* SnapKit */ = {
			isa = XCSwiftPackageProductDependency;
			package = F1C7EA642AC3D3B900E20AAC /* XCRemoteSwiftPackageReference "SnapKit" */;
			productName = SnapKit;
		};
/* End XCSwiftPackageProductDependency section */
	};
	rootObject = F1C7EA242AC3CBD500E20AAC /* Project object */;
}
